
Microsoft Visual Studio Solution File, Format Version 10.00
# Visual C# Express 2008
Project("{FAE04EC0-301F-11D3-BF4B-00C04F79EFBC}") = "PrecMaths", "PrecMaths\PrecMaths.csproj", "{1C3B1D2D-625E-49FE-874D-943F54949F33}"
EndProject
Project("{FAE04EC0-301F-11D3-BF4B-00C04F79EFBC}") = "PrecMathsTests", "PrecMathsTests\PrecMathsTests.csproj", "{2BAD1C06-C1FF-4578-AE44-C6867733240E}"
EndProject
Project("{FAE04EC0-301F-11D3-BF4B-00C04F79EFBC}") = "Tester", "Tester\Tester.csproj", "{2A867D71-4841-4390-B8ED-54B70CBE0226}"
EndProject
Global
	GlobalSection(SolutionConfigurationPlatforms) = preSolution
		Debug|Any CPU = Debug|Any CPU
		Release|Any CPU = Release|Any CPU
	EndGlobalSection
	GlobalSection(ProjectConfigurationPlatforms) = postSolution
		{1C3B1D2D-625E-49FE-874D-943F54949F33}.Debug|Any CPU.ActiveCfg = Debug|Any CPU
		{1C3B1D2D-625E-49FE-874D-943F54949F33}.Debug|Any CPU.Build.0 = Debug|Any CPU
		{1C3B1D2D-625E-49FE-874D-943F54949F33}.Release|Any CPU.ActiveCfg = Release|Any CPU
		{1C3B1D2D-625E-49FE-874D-943F54949F33}.Release|Any CPU.Build.0 = Release|Any CPU
		{2BAD1C06-C1FF-4578-AE44-C6867733240E}.Debug|Any CPU.ActiveCfg = Debug|Any CPU
		{2BAD1C06-C1FF-4578-AE44-C6867733240E}.Debug|Any CPU.Build.0 = Debug|Any CPU
		{2BAD1C06-C1FF-4578-AE44-C6867733240E}.Release|Any CPU.ActiveCfg = Release|Any CPU
		{2BAD1C06-C1FF-4578-AE44-C6867733240E}.Release|Any CPU.Build.0 = Release|Any CPU
		{2A867D71-4841-4390-B8ED-54B70CBE0226}.Debug|Any CPU.ActiveCfg = Debug|Any CPU
		{2A867D71-4841-4390-B8ED-54B70CBE0226}.Debug|Any CPU.Build.0 = Debug|Any CPU
		{2A867D71-4841-4390-B8ED-54B70CBE0226}.Release|Any CPU.ActiveCfg = Release|Any CPU
		{2A867D71-4841-4390-B8ED-54B70CBE0226}.Release|Any CPU.Build.0 = Release|Any CPU
	EndGlobalSection
	GlobalSection(SolutionProperties) = preSolution
		HideSolutionNode = FALSE
	EndGlobalSection
EndGlobal
